
Microsoft Visual Studio Solution File, Format Version 12.00
# Visual Studio Version 17
VisualStudioVersion = 17.14.36414.22 d17.14
MinimumVisualStudioVersion = 10.0.40219.1
Project("{FAE04EC0-301F-11D3-BF4B-00C04F79EFBC}") = "DiaryApp", "DiaryApp\DiaryApp.csproj", "{CBB95565-6005-4899-A513-B9467DAB5E08}"
EndProject
Global
	GlobalSection(SolutionConfigurationPlatforms) = preSolution
		Debug|Any CPU = Debug|Any CPU
		Release|Any CPU = Release|Any CPU
	EndGlobalSection
	GlobalSection(ProjectConfigurationPlatforms) = postSolution
		{CBB95565-6005-4899-A513-B9467DAB5E08}.Debug|Any CPU.ActiveCfg = Debug|Any CPU
		{CBB95565-6005-4899-A513-B9467DAB5E08}.Debug|Any CPU.Build.0 = Debug|Any CPU
		{CBB95565-6005-4899-A513-B9467DAB5E08}.Release|Any CPU.ActiveCfg = Release|Any CPU
		{CBB95565-6005-4899-A513-B9467DAB5E08}.Release|Any CPU.Build.0 = Release|Any CPU
	EndGlobalSection
	GlobalSection(SolutionProperties) = preSolution
		HideSolutionNode = FALSE
	EndGlobalSection
	GlobalSection(ExtensibilityGlobals) = postSolution
		SolutionGuid = {27D08ABE-D01D-4218-9E66-EC0D083D104D}
	EndGlobalSection
EndGlobal
